// !$*UTF8*$!
{
	archiveVersion = 1;
	classes = {
	};
	objectVersion = 46;
	objects = {

/* Begin PBXBuildFile section */
		1A5356AC17134353006C17EB /* UIKit.framework in Frameworks */ = {isa = PBXBuildFile; fileRef = 1A5356AB17134353006C17EB /* UIKit.framework */; };
		1A5356AE17134353006C17EB /* Foundation.framework in Frameworks */ = {isa = PBXBuildFile; fileRef = 1A5356AD17134353006C17EB /* Foundation.framework */; };
		1A5356B017134353006C17EB /* CoreGraphics.framework in Frameworks */ = {isa = PBXBuildFile; fileRef = 1A5356AF17134353006C17EB /* CoreGraphics.framework */; };
		1A5356B617134353006C17EB /* InfoPlist.strings in Resources */ = {isa = PBXBuildFile; fileRef = 1A5356B417134353006C17EB /* InfoPlist.strings */; };
		1A5356B817134353006C17EB /* main.m in Sources */ = {isa = PBXBuildFile; fileRef = 1A5356B717134353006C17EB /* main.m */; };
		1A5356BC17134353006C17EB /* RFMAppDelegate.m in Sources */ = {isa = PBXBuildFile; fileRef = 1A5356BB17134353006C17EB /* RFMAppDelegate.m */; };
		1A5356BE17134353006C17EB /* Default.png in Resources */ = {isa = PBXBuildFile; fileRef = 1A5356BD17134353006C17EB /* Default.png */; };
		1A5356C017134353006C17EB /* Default@2x.png in Resources */ = {isa = PBXBuildFile; fileRef = 1A5356BF17134353006C17EB /* Default@2x.png */; };
		1A5356C217134353006C17EB /* Default-568h@2x.png in Resources */ = {isa = PBXBuildFile; fileRef = 1A5356C117134353006C17EB /* Default-568h@2x.png */; };
		1A5356C517134353006C17EB /* MainStoryboard_iPhone.storyboard in Resources */ = {isa = PBXBuildFile; fileRef = 1A5356C317134353006C17EB /* MainStoryboard_iPhone.storyboard */; };
		1A5356C817134353006C17EB /* MainStoryboard_iPad.storyboard in Resources */ = {isa = PBXBuildFile; fileRef = 1A5356C617134353006C17EB /* MainStoryboard_iPad.storyboard */; };
		1A5356CB17134353006C17EB /* RFMViewController.m in Sources */ = {isa = PBXBuildFile; fileRef = 1A5356CA17134353006C17EB /* RFMViewController.m */; };
		1A5356D317134353006C17EB /* SenTestingKit.framework in Frameworks */ = {isa = PBXBuildFile; fileRef = 1A5356D217134353006C17EB /* SenTestingKit.framework */; };
		1A5356D417134353006C17EB /* UIKit.framework in Frameworks */ = {isa = PBXBuildFile; fileRef = 1A5356AB17134353006C17EB /* UIKit.framework */; };
		1A5356D517134353006C17EB /* Foundation.framework in Frameworks */ = {isa = PBXBuildFile; fileRef = 1A5356AD17134353006C17EB /* Foundation.framework */; };
		1A5356DD17134353006C17EB /* InfoPlist.strings in Resources */ = {isa = PBXBuildFile; fileRef = 1A5356DB17134353006C17EB /* InfoPlist.strings */; };
		1A5356E017134354006C17EB /* RollerdexTests.m in Sources */ = {isa = PBXBuildFile; fileRef = 1A5356DF17134354006C17EB /* RollerdexTests.m */; };
/* End PBXBuildFile section */

/* Begin PBXContainerItemProxy section */
		1A5356D617134353006C17EB /* PBXContainerItemProxy */ = {
			isa = PBXContainerItemProxy;
			containerPortal = 1A5356A017134353006C17EB /* Project object */;
			proxyType = 1;
			remoteGlobalIDString = 1A5356A717134353006C17EB;
			remoteInfo = Rollerdex;
		};
/* End PBXContainerItemProxy section */

/* Begin PBXFileReference section */
		1A5356A817134353006C17EB /* Rollerdex.app */ = {isa = PBXFileReference; explicitFileType = wrapper.application; includeInIndex = 0; path = Rollerdex.app; sourceTree = BUILT_PRODUCTS_DIR; };
		1A5356AB17134353006C17EB /* UIKit.framework */ = {isa = PBXFileReference; lastKnownFileType = wrapper.framework; name = UIKit.framework; path = System/Library/Frameworks/UIKit.framework; sourceTree = SDKROOT; };
		1A5356AD17134353006C17EB /* Foundation.framework */ = {isa = PBXFileReference; lastKnownFileType = wrapper.framework; name = Foundation.framework; path = System/Library/Frameworks/Foundation.framework; sourceTree = SDKROOT; };
		1A5356AF17134353006C17EB /* CoreGraphics.framework */ = {isa = PBXFileReference; lastKnownFileType = wrapper.framework; name = CoreGraphics.framework; path = System/Library/Frameworks/CoreGraphics.framework; sourceTree = SDKROOT; };
		1A5356B317134353006C17EB /* Rollerdex-Info.plist */ = {isa = PBXFileReference; lastKnownFileType = text.plist.xml; path = "Rollerdex-Info.plist"; sourceTree = "<group>"; };
		1A5356B517134353006C17EB /* en */ = {isa = PBXFileReference; lastKnownFileType = text.plist.strings; name = en; path = en.lproj/InfoPlist.strings; sourceTree = "<group>"; };
		1A5356B717134353006C17EB /* main.m */ = {isa = PBXFileReference; lastKnownFileType = sourcecode.c.objc; path = main.m; sourceTree = "<group>"; };
		1A5356B917134353006C17EB /* Rollerdex-Prefix.pch */ = {isa = PBXFileReference; lastKnownFileType = sourcecode.c.h; path = "Rollerdex-Prefix.pch"; sourceTree = "<group>"; };
		1A5356BA17134353006C17EB /* RFMAppDelegate.h */ = {isa = PBXFileReference; lastKnownFileType = sourcecode.c.h; path = RFMAppDelegate.h; sourceTree = "<group>"; };
		1A5356BB17134353006C17EB /* RFMAppDelegate.m */ = {isa = PBXFileReference; lastKnownFileType = sourcecode.c.objc; path = RFMAppDelegate.m; sourceTree = "<group>"; };
		1A5356BD17134353006C17EB /* Default.png */ = {isa = PBXFileReference; lastKnownFileType = image.png; path = Default.png; sourceTree = "<group>"; };
		1A5356BF17134353006C17EB /* Default@2x.png */ = {isa = PBXFileReference; lastKnownFileType = image.png; path = "Default@2x.png"; sourceTree = "<group>"; };
		1A5356C117134353006C17EB /* Default-568h@2x.png */ = {isa = PBXFileReference; lastKnownFileType = image.png; path = "Default-568h@2x.png"; sourceTree = "<group>"; };
		1A5356C417134353006C17EB /* en */ = {isa = PBXFileReference; lastKnownFileType = file.storyboard; name = en; path = en.lproj/MainStoryboard_iPhone.storyboard; sourceTree = "<group>"; };
		1A5356C717134353006C17EB /* en */ = {isa = PBXFileReference; lastKnownFileType = file.storyboard; name = en; path = en.lproj/MainStoryboard_iPad.storyboard; sourceTree = "<group>"; };
		1A5356C917134353006C17EB /* RFMViewController.h */ = {isa = PBXFileReference; lastKnownFileType = sourcecode.c.h; path = RFMViewController.h; sourceTree = "<group>"; };
		1A5356CA17134353006C17EB /* RFMViewController.m */ = {isa = PBXFileReference; lastKnownFileType = sourcecode.c.objc; path = RFMViewController.m; sourceTree = "<group>"; };
		1A5356D117134353006C17EB /* RollerdexTests.octest */ = {isa = PBXFileReference; explicitFileType = wrapper.cfbundle; includeInIndex = 0; path = RollerdexTests.octest; sourceTree = BUILT_PRODUCTS_DIR; };
		1A5356D217134353006C17EB /* SenTestingKit.framework */ = {isa = PBXFileReference; lastKnownFileType = wrapper.framework; name = SenTestingKit.framework; path = Library/Frameworks/SenTestingKit.framework; sourceTree = DEVELOPER_DIR; };
		1A5356DA17134353006C17EB /* RollerdexTests-Info.plist */ = {isa = PBXFileReference; lastKnownFileType = text.plist.xml; path = "RollerdexTests-Info.plist"; sourceTree = "<group>"; };
		1A5356DC17134353006C17EB /* en */ = {isa = PBXFileReference; lastKnownFileType = text.plist.strings; name = en; path = en.lproj/InfoPlist.strings; sourceTree = "<group>"; };
		1A5356DE17134353006C17EB /* RollerdexTests.h */ = {isa = PBXFileReference; lastKnownFileType = sourcecode.c.h; path = RollerdexTests.h; sourceTree = "<group>"; };
		1A5356DF17134354006C17EB /* RollerdexTests.m */ = {isa = PBXFileReference; lastKnownFileType = sourcecode.c.objc; path = RollerdexTests.m; sourceTree = "<group>"; };
/* End PBXFileReference section */

/* Begin PBXFrameworksBuildPhase section */
		1A5356A517134353006C17EB /* Frameworks */ = {
			isa = PBXFrameworksBuildPhase;
			buildActionMask = 2147483647;
			files = (
				1A5356AC17134353006C17EB /* UIKit.framework in Frameworks */,
				1A5356AE17134353006C17EB /* Foundation.framework in Frameworks */,
				1A5356B017134353006C17EB /* CoreGraphics.framework in Frameworks */,
			);
			runOnlyForDeploymentPostprocessing = 0;
		};
		1A5356CD17134353006C17EB /* Frameworks */ = {
			isa = PBXFrameworksBuildPhase;
			buildActionMask = 2147483647;
			files = (
				1A5356D317134353006C17EB /* SenTestingKit.framework in Frameworks */,
				1A5356D417134353006C17EB /* UIKit.framework in Frameworks */,
				1A5356D517134353006C17EB /* Foundation.framework in Frameworks */,
			);
			runOnlyForDeploymentPostprocessing = 0;
		};
/* End PBXFrameworksBuildPhase section */

/* Begin PBXGroup section */
		1A53569F17134353006C17EB = {
			isa = PBXGroup;
			children = (
				1A5356B117134353006C17EB /* Rollerdex */,
				1A5356D817134353006C17EB /* RollerdexTests */,
				1A5356AA17134353006C17EB /* Frameworks */,
				1A5356A917134353006C17EB /* Products */,
			);
			sourceTree = "<group>";
		};
		1A5356A917134353006C17EB /* Products */ = {
			isa = PBXGroup;
			children = (
				1A5356A817134353006C17EB /* Rollerdex.app */,
				1A5356D117134353006C17EB /* RollerdexTests.octest */,
			);
			name = Products;
			sourceTree = "<group>";
		};
		1A5356AA17134353006C17EB /* Frameworks */ = {
			isa = PBXGroup;
			children = (
				1A5356AB17134353006C17EB /* UIKit.framework */,
				1A5356AD17134353006C17EB /* Foundation.framework */,
				1A5356AF17134353006C17EB /* CoreGraphics.framework */,
				1A5356D217134353006C17EB /* SenTestingKit.framework */,
			);
			name = Frameworks;
			sourceTree = "<group>";
		};
		1A5356B117134353006C17EB /* Rollerdex */ = {
			isa = PBXGroup;
			children = (
				1A5356BA17134353006C17EB /* RFMAppDelegate.h */,
				1A5356BB17134353006C17EB /* RFMAppDelegate.m */,
				1A5356C317134353006C17EB /* MainStoryboard_iPhone.storyboard */,
				1A5356C617134353006C17EB /* MainStoryboard_iPad.storyboard */,
				1A5356C917134353006C17EB /* RFMViewController.h */,
				1A5356CA17134353006C17EB /* RFMViewController.m */,
				1A5356B217134353006C17EB /* Supporting Files */,
			);
			path = Rollerdex;
			sourceTree = "<group>";
		};
		1A5356B217134353006C17EB /* Supporting Files */ = {
			isa = PBXGroup;
			children = (
				1A5356B317134353006C17EB /* Rollerdex-Info.plist */,
				1A5356B417134353006C17EB /* InfoPlist.strings */,
				1A5356B717134353006C17EB /* main.m */,
				1A5356B917134353006C17EB /* Rollerdex-Prefix.pch */,
				1A5356BD17134353006C17EB /* Default.png */,
				1A5356BF17134353006C17EB /* Default@2x.png */,
				1A5356C117134353006C17EB /* Default-568h@2x.png */,
			);
			name = "Supporting Files";
			sourceTree = "<group>";
		};
		1A5356D817134353006C17EB /* RollerdexTests */ = {
			isa = PBXGroup;
			children = (
				1A5356DE17134353006C17EB /* RollerdexTests.h */,
				1A5356DF17134354006C17EB /* RollerdexTests.m */,
				1A5356D917134353006C17EB /* Supporting Files */,
			);
			path = RollerdexTests;
			sourceTree = "<group>";
		};
		1A5356D917134353006C17EB /* Supporting Files */ = {
			isa = PBXGroup;
			children = (
				1A5356DA17134353006C17EB /* RollerdexTests-Info.plist */,
				1A5356DB17134353006C17EB /* InfoPlist.strings */,
			);
			name = "Supporting Files";
			sourceTree = "<group>";
		};
/* End PBXGroup section */

/* Begin PBXNativeTarget section */
		1A5356A717134353006C17EB /* Rollerdex */ = {
			isa = PBXNativeTarget;
			buildConfigurationList = 1A5356E317134354006C17EB /* Build configuration list for PBXNativeTarget "Rollerdex" */;
			buildPhases = (
				1A5356A417134353006C17EB /* Sources */,
				1A5356A517134353006C17EB /* Frameworks */,
				1A5356A617134353006C17EB /* Resources */,
			);
			buildRules = (
			);
			dependencies = (
			);
			name = Rollerdex;
			productName = Rollerdex;
			productReference = 1A5356A817134353006C17EB /* Rollerdex.app */;
			productType = "com.apple.product-type.application";
		};
		1A5356D017134353006C17EB /* RollerdexTests */ = {
			isa = PBXNativeTarget;
			buildConfigurationList = 1A5356E617134354006C17EB /* Build configuration list for PBXNativeTarget "RollerdexTests" */;
			buildPhases = (
				1A5356CC17134353006C17EB /* Sources */,
				1A5356CD17134353006C17EB /* Frameworks */,
				1A5356CE17134353006C17EB /* Resources */,
				1A5356CF17134353006C17EB /* ShellScript */,
			);
			buildRules = (
			);
			dependencies = (
				1A5356D717134353006C17EB /* PBXTargetDependency */,
			);
			name = RollerdexTests;
			productName = RollerdexTests;
			productReference = 1A5356D117134353006C17EB /* RollerdexTests.octest */;
			productType = "com.apple.product-type.bundle";
		};
/* End PBXNativeTarget section */

/* Begin PBXProject section */
		1A5356A017134353006C17EB /* Project object */ = {
			isa = PBXProject;
			attributes = {
				CLASSPREFIX = RFM;
				LastUpgradeCheck = 0460;
				ORGANIZATIONNAME = "Frank McAuley";
			};
			buildConfigurationList = 1A5356A317134353006C17EB /* Build configuration list for PBXProject "Rollerdex" */;
			compatibilityVersion = "Xcode 3.2";
			developmentRegion = English;
			hasScannedForEncodings = 0;
			knownRegions = (
				en,
			);
			mainGroup = 1A53569F17134353006C17EB;
			productRefGroup = 1A5356A917134353006C17EB /* Products */;
			projectDirPath = "";
			projectRoot = "";
			targets = (
				1A5356A717134353006C17EB /* Rollerdex */,
				1A5356D017134353006C17EB /* RollerdexTests */,
			);
		};
/* End PBXProject section */

/* Begin PBXResourcesBuildPhase section */
		1A5356A617134353006C17EB /* Resources */ = {
			isa = PBXResourcesBuildPhase;
			buildActionMask = 2147483647;
			files = (
				1A5356B617134353006C17EB /* InfoPlist.strings in Resources */,
				1A5356BE17134353006C17EB /* Default.png in Resources */,
				1A5356C017134353006C17EB /* Default@2x.png in Resources */,
				1A5356C217134353006C17EB /* Default-568h@2x.png in Resources */,
				1A5356C517134353006C17EB /* MainStoryboard_iPhone.storyboard in Resources */,
				1A5356C817134353006C17EB /* MainStoryboard_iPad.storyboard in Resources */,
			);
			runOnlyForDeploymentPostprocessing = 0;
		};
		1A5356CE17134353006C17EB /* Resources */ = {
			isa = PBXResourcesBuildPhase;
			buildActionMask = 2147483647;
			files = (
				1A5356DD17134353006C17EB /* InfoPlist.strings in Resources */,
			);
			runOnlyForDeploymentPostprocessing = 0;
		};
/* End PBXResourcesBuildPhase section */

/* Begin PBXShellScriptBuildPhase section */
		1A5356CF17134353006C17EB /* ShellScript */ = {
			isa = PBXShellScriptBuildPhase;
			buildActionMask = 2147483647;
			files = (
			);
			inputPaths = (
			);
			outputPaths = (
			);
			runOnlyForDeploymentPostprocessing = 0;
			shellPath = /bin/sh;
			shellScript = "# Run the unit tests in this test bundle.\n\"${SYSTEM_DEVELOPER_DIR}/Tools/RunUnitTests\"\n";
		};
/* End PBXShellScriptBuildPhase section */

/* Begin PBXSourcesBuildPhase section */
		1A5356A417134353006C17EB /* Sources */ = {
			isa = PBXSourcesBuildPhase;
			buildActionMask = 2147483647;
			files = (
				1A5356B817134353006C17EB /* main.m in Sources */,
				1A5356BC17134353006C17EB /* RFMAppDelegate.m in Sources */,
				1A5356CB17134353006C17EB /* RFMViewController.m in Sources */,
			);
			runOnlyForDeploymentPostprocessing = 0;
		};
		1A5356CC17134353006C17EB /* Sources */ = {
			isa = PBXSourcesBuildPhase;
			buildActionMask = 2147483647;
			files = (
				1A5356E017134354006C17EB /* RollerdexTests.m in Sources */,
			);
			runOnlyForDeploymentPostprocessing = 0;
		};
/* End PBXSourcesBuildPhase section */

/* Begin PBXTargetDependency section */
		1A5356D717134353006C17EB /* PBXTargetDependency */ = {
			isa = PBXTargetDependency;
			target = 1A5356A717134353006C17EB /* Rollerdex */;
			targetProxy = 1A5356D617134353006C17EB /* PBXContainerItemProxy */;
		};
/* End PBXTargetDependency section */

/* Begin PBXVariantGroup section */
		1A5356B417134353006C17EB /* InfoPlist.strings */ = {
			isa = PBXVariantGroup;
			children = (
				1A5356B517134353006C17EB /* en */,
			);
			name = InfoPlist.strings;
			sourceTree = "<group>";
		};
		1A5356C317134353006C17EB /* MainStoryboard_iPhone.storyboard */ = {
			isa = PBXVariantGroup;
			children = (
				1A5356C417134353006C17EB /* en */,
			);
			name = MainStoryboard_iPhone.storyboard;
			sourceTree = "<group>";
		};
		1A5356C617134353006C17EB /* MainStoryboard_iPad.storyboard */ = {
			isa = PBXVariantGroup;
			children = (
				1A5356C717134353006C17EB /* en */,
			);
			name = MainStoryboard_iPad.storyboard;
			sourceTree = "<group>";
		};
		1A5356DB17134353006C17EB /* InfoPlist.strings */ = {
			isa = PBXVariantGroup;
			children = (
				1A5356DC17134353006C17EB /* en */,
			);
			name = InfoPlist.strings;
			sourceTree = "<group>";
		};
/* End PBXVariantGroup section */

/* Begin XCBuildConfiguration section */
		1A5356E117134354006C17EB /* Debug */ = {
			isa = XCBuildConfiguration;
			buildSettings = {
				ALWAYS_SEARCH_USER_PATHS = NO;
				CLANG_CXX_LANGUAGE_STANDARD = "gnu++0x";
				CLANG_CXX_LIBRARY = "libc++";
				CLANG_ENABLE_OBJC_ARC = YES;
				CLANG_WARN_CONSTANT_CONVERSION = YES;
				CLANG_WARN_EMPTY_BODY = YES;
				CLANG_WARN_ENUM_CONVERSION = YES;
				CLANG_WARN_INT_CONVERSION = YES;
				CLANG_WARN__DUPLICATE_METHOD_MATCH = YES;
				"CODE_SIGN_IDENTITY[sdk=iphoneos*]" = "iPhone Developer";
				COPY_PHASE_STRIP = NO;
				GCC_C_LANGUAGE_STANDARD = gnu99;
				GCC_DYNAMIC_NO_PIC = NO;
				GCC_OPTIMIZATION_LEVEL = 0;
				GCC_PREPROCESSOR_DEFINITIONS = (
					"DEBUG=1",
					"$(inherited)",
				);
				GCC_SYMBOLS_PRIVATE_EXTERN = NO;
				GCC_WARN_ABOUT_RETURN_TYPE = YES;
				GCC_WARN_UNINITIALIZED_AUTOS = YES;
				GCC_WARN_UNUSED_VARIABLE = YES;
				IPHONEOS_DEPLOYMENT_TARGET = 6.1;
				ONLY_ACTIVE_ARCH = YES;
				SDKROOT = iphoneos;
				TARGETED_DEVICE_FAMILY = "1,2";
			};
			name = Debug;
		};
		1A5356E217134354006C17EB /* Release */ = {
			isa = XCBuildConfiguration;
			buildSettings = {
				ALWAYS_SEARCH_USER_PATHS = NO;
				CLANG_CXX_LANGUAGE_STANDARD = "gnu++0x";
				CLANG_CXX_LIBRARY = "libc++";
				CLANG_ENABLE_OBJC_ARC = YES;
				CLANG_WARN_CONSTANT_CONVERSION = YES;
				CLANG_WARN_EMPTY_BODY = YES;
				CLANG_WARN_ENUM_CONVERSION = YES;
				CLANG_WARN_INT_CONVERSION = YES;
				CLANG_WARN__DUPLICATE_METHOD_MATCH = YES;
				"CODE_SIGN_IDENTITY[sdk=iphoneos*]" = "iPhone Developer";
				COPY_PHASE_STRIP = YES;
				GCC_C_LANGUAGE_STANDARD = gnu99;
				GCC_WARN_ABOUT_RETURN_TYPE = YES;
				GCC_WARN_UNINITIALIZED_AUTOS = YES;
				GCC_WARN_UNUSED_VARIABLE = YES;
				IPHONEOS_DEPLOYMENT_TARGET = 6.1;
				OTHER_CFLAGS = "-DNS_BLOCK_ASSERTIONS=1";
				SDKROOT = iphoneos;
				TARGETED_DEVICE_FAMILY = "1,2";
				VALIDATE_PRODUCT = YES;
			};
			name = Release;
		};
		1A5356E417134354006C17EB /* Debug */ = {
			isa = XCBuildConfiguration;
			buildSettings = {
				GCC_PRECOMPILE_PREFIX_HEADER = YES;
				GCC_PREFIX_HEADER = "Rollerdex/Rollerdex-Prefix.pch";
				INFOPLIST_FILE = "Rollerdex/Rollerdex-Info.plist";
				PRODUCT_NAME = "$(TARGET_NAME)";
				WRAPPER_EXTENSION = app;
			};
			name = Debug;
		};
		1A5356E517134354006C17EB /* Release */ = {
			isa = XCBuildConfiguration;
			buildSettings = {
				GCC_PRECOMPILE_PREFIX_HEADER = YES;
				GCC_PREFIX_HEADER = "Rollerdex/Rollerdex-Prefix.pch";
				INFOPLIST_FILE = "Rollerdex/Rollerdex-Info.plist";
				PRODUCT_NAME = "$(TARGET_NAME)";
				WRAPPER_EXTENSION = app;
			};
			name = Release;
		};
		1A5356E717134354006C17EB /* Debug */ = {
			isa = XCBuildConfiguration;
			buildSettings = {
				BUNDLE_LOADER = "$(BUILT_PRODUCTS_DIR)/Rollerdex.app/Rollerdex";
				FRAMEWORK_SEARCH_PATHS = (
					"\"$(SDKROOT)/Developer/Library/Frameworks\"",
					"\"$(DEVELOPER_LIBRARY_DIR)/Frameworks\"",
				);
				GCC_PRECOMPILE_PREFIX_HEADER = YES;
				GCC_PREFIX_HEADER = "Rollerdex/Rollerdex-Prefix.pch";
				INFOPLIST_FILE = "RollerdexTests/RollerdexTests-Info.plist";
				PRODUCT_NAME = "$(TARGET_NAME)";
				TEST_HOST = "$(BUNDLE_LOADER)";
				WRAPPER_EXTENSION = octest;
			};
			name = Debug;
		};
		1A5356E817134354006C17EB /* Release */ = {
			isa = XCBuildConfiguration;
			buildSettings = {
				BUNDLE_LOADER = "$(BUILT_PRODUCTS_DIR)/Rollerdex.app/Rollerdex";
				FRAMEWORK_SEARCH_PATHS = (
					"\"$(SDKROOT)/Developer/Library/Frameworks\"",
					"\"$(DEVELOPER_LIBRARY_DIR)/Frameworks\"",
				);
				GCC_PRECOMPILE_PREFIX_HEADER = YES;
				GCC_PREFIX_HEADER = "Rollerdex/Rollerdex-Prefix.pch";
				INFOPLIST_FILE = "RollerdexTests/RollerdexTests-Info.plist";
				PRODUCT_NAME = "$(TARGET_NAME)";
				TEST_HOST = "$(BUNDLE_LOADER)";
				WRAPPER_EXTENSION = octest;
			};
			name = Release;
		};
/* End XCBuildConfiguration section */

/* Begin XCConfigurationList section */
		1A5356A317134353006C17EB /* Build configuration list for PBXProject "Rollerdex" */ = {
			isa = XCConfigurationList;
			buildConfigurations = (
				1A5356E117134354006C17EB /* Debug */,
				1A5356E217134354006C17EB /* Release */,
			);
			defaultConfigurationIsVisible = 0;
			defaultConfigurationName = Release;
		};
		1A5356E317134354006C17EB /* Build configuration list for PBXNativeTarget "Rollerdex" */ = {
			isa = XCConfigurationList;
			buildConfigurations = (
				1A5356E417134354006C17EB /* Debug */,
				1A5356E517134354006C17EB /* Release */,
			);
			defaultConfigurationIsVisible = 0;
		};
		1A5356E617134354006C17EB /* Build configuration list for PBXNativeTarget "RollerdexTests" */ = {
			isa = XCConfigurationList;
			buildConfigurations = (
				1A5356E717134354006C17EB /* Debug */,
				1A5356E817134354006C17EB /* Release */,
			);
			defaultConfigurationIsVisible = 0;
		};
/* End XCConfigurationList section */
	};
	rootObject = 1A5356A017134353006C17EB /* Project object */;
}
